// !$*UTF8*$!
{
	archiveVersion = 1;
	classes = {
	};
	objectVersion = 46;
	objects = {

/* Begin PBXBuildFile section */
		524C8AE81A7056C300BA5EFD /* AppDelegate.swift in Sources */ = {isa = PBXBuildFile; fileRef = 524C8AE71A7056C300BA5EFD /* AppDelegate.swift */; };
		524C8AEB1A7056C300BA5EFD /* Postcard.xcdatamodeld in Sources */ = {isa = PBXBuildFile; fileRef = 524C8AE91A7056C300BA5EFD /* Postcard.xcdatamodeld */; };
		524C8AED1A7056C300BA5EFD /* ViewController.swift in Sources */ = {isa = PBXBuildFile; fileRef = 524C8AEC1A7056C300BA5EFD /* ViewController.swift */; };
		524C8AF01A7056C300BA5EFD /* Main.storyboard in Resources */ = {isa = PBXBuildFile; fileRef = 524C8AEE1A7056C300BA5EFD /* Main.storyboard */; };
		524C8AF21A7056C400BA5EFD /* Images.xcassets in Resources */ = {isa = PBXBuildFile; fileRef = 524C8AF11A7056C400BA5EFD /* Images.xcassets */; };
		524C8AF51A7056C400BA5EFD /* LaunchScreen.xib in Resources */ = {isa = PBXBuildFile; fileRef = 524C8AF31A7056C400BA5EFD /* LaunchScreen.xib */; };
		524C8B011A7056C400BA5EFD /* PostcardTests.swift in Sources */ = {isa = PBXBuildFile; fileRef = 524C8B001A7056C400BA5EFD /* PostcardTests.swift */; };
		52870D701A785973006D9C0F /* AlbertEinsteinStamp.jpg in Resources */ = {isa = PBXBuildFile; fileRef = 52870D6E1A785973006D9C0F /* AlbertEinsteinStamp.jpg */; };
		52870D711A785973006D9C0F /* SagradaFamilia.jpeg in Resources */ = {isa = PBXBuildFile; fileRef = 52870D6F1A785973006D9C0F /* SagradaFamilia.jpeg */; };
/* End PBXBuildFile section */

/* Begin PBXContainerItemProxy section */
		524C8AFB1A7056C400BA5EFD /* PBXContainerItemProxy */ = {
			isa = PBXContainerItemProxy;
			containerPortal = 524C8ADA1A7056C300BA5EFD /* Project object */;
			proxyType = 1;
			remoteGlobalIDString = 524C8AE11A7056C300BA5EFD;
			remoteInfo = Postcard;
		};
/* End PBXContainerItemProxy section */

/* Begin PBXFileReference section */
		524C8AE21A7056C300BA5EFD /* Postcard.app */ = {isa = PBXFileReference; explicitFileType = wrapper.application; includeInIndex = 0; path = Postcard.app; sourceTree = BUILT_PRODUCTS_DIR; };
		524C8AE61A7056C300BA5EFD /* Info.plist */ = {isa = PBXFileReference; lastKnownFileType = text.plist.xml; path = Info.plist; sourceTree = "<group>"; };
		524C8AE71A7056C300BA5EFD /* AppDelegate.swift */ = {isa = PBXFileReference; lastKnownFileType = sourcecode.swift; path = AppDelegate.swift; sourceTree = "<group>"; };
		524C8AEA1A7056C300BA5EFD /* Postcard.xcdatamodel */ = {isa = PBXFileReference; lastKnownFileType = wrapper.xcdatamodel; path = Postcard.xcdatamodel; sourceTree = "<group>"; };
		524C8AEC1A7056C300BA5EFD /* ViewController.swift */ = {isa = PBXFileReference; lastKnownFileType = sourcecode.swift; path = ViewController.swift; sourceTree = "<group>"; };
		524C8AEF1A7056C300BA5EFD /* Base */ = {isa = PBXFileReference; lastKnownFileType = file.storyboard; name = Base; path = Base.lproj/Main.storyboard; sourceTree = "<group>"; };
		524C8AF11A7056C400BA5EFD /* Images.xcassets */ = {isa = PBXFileReference; lastKnownFileType = folder.assetcatalog; path = Images.xcassets; sourceTree = "<group>"; };
		524C8AF41A7056C400BA5EFD /* Base */ = {isa = PBXFileReference; lastKnownFileType = file.xib; name = Base; path = Base.lproj/LaunchScreen.xib; sourceTree = "<group>"; };
		524C8AFA1A7056C400BA5EFD /* PostcardTests.xctest */ = {isa = PBXFileReference; explicitFileType = wrapper.cfbundle; includeInIndex = 0; path = PostcardTests.xctest; sourceTree = BUILT_PRODUCTS_DIR; };
		524C8AFF1A7056C400BA5EFD /* Info.plist */ = {isa = PBXFileReference; lastKnownFileType = text.plist.xml; path = Info.plist; sourceTree = "<group>"; };
		524C8B001A7056C400BA5EFD /* PostcardTests.swift */ = {isa = PBXFileReference; lastKnownFileType = sourcecode.swift; path = PostcardTests.swift; sourceTree = "<group>"; };
		52870D6E1A785973006D9C0F /* AlbertEinsteinStamp.jpg */ = {isa = PBXFileReference; lastKnownFileType = image.jpeg; path = AlbertEinsteinStamp.jpg; sourceTree = "<group>"; };
		52870D6F1A785973006D9C0F /* SagradaFamilia.jpeg */ = {isa = PBXFileReference; lastKnownFileType = image.jpeg; path = SagradaFamilia.jpeg; sourceTree = "<group>"; };
/* End PBXFileReference section */

/* Begin PBXFrameworksBuildPhase section */
		524C8ADF1A7056C300BA5EFD /* Frameworks */ = {
			isa = PBXFrameworksBuildPhase;
			buildActionMask = 2147483647;
			files = (
			);
			runOnlyForDeploymentPostprocessing = 0;
		};
		524C8AF71A7056C400BA5EFD /* Frameworks */ = {
			isa = PBXFrameworksBuildPhase;
			buildActionMask = 2147483647;
			files = (
			);
			runOnlyForDeploymentPostprocessing = 0;
		};
/* End PBXFrameworksBuildPhase section */

/* Begin PBXGroup section */
		524C8AD91A7056C300BA5EFD = {
			isa = PBXGroup;
			children = (
				524C8AE41A7056C300BA5EFD /* Postcard */,
				524C8AFD1A7056C400BA5EFD /* PostcardTests */,
				524C8AE31A7056C300BA5EFD /* Products */,
			);
			sourceTree = "<group>";
		};
		524C8AE31A7056C300BA5EFD /* Products */ = {
			isa = PBXGroup;
			children = (
				524C8AE21A7056C300BA5EFD /* Postcard.app */,
				524C8AFA1A7056C400BA5EFD /* PostcardTests.xctest */,
			);
			name = Products;
			sourceTree = "<group>";
		};
		524C8AE41A7056C300BA5EFD /* Postcard */ = {
			isa = PBXGroup;
			children = (
				524C8AE71A7056C300BA5EFD /* AppDelegate.swift */,
				524C8AEC1A7056C300BA5EFD /* ViewController.swift */,
				524C8AEE1A7056C300BA5EFD /* Main.storyboard */,
				524C8AF11A7056C400BA5EFD /* Images.xcassets */,
				524C8AF31A7056C400BA5EFD /* LaunchScreen.xib */,
				524C8AE91A7056C300BA5EFD /* Postcard.xcdatamodeld */,
				524C8AE51A7056C300BA5EFD /* Supporting Files */,
			);
			path = Postcard;
			sourceTree = "<group>";
		};
		524C8AE51A7056C300BA5EFD /* Supporting Files */ = {
			isa = PBXGroup;
			children = (
				52870D6E1A785973006D9C0F /* AlbertEinsteinStamp.jpg */,
				52870D6F1A785973006D9C0F /* SagradaFamilia.jpeg */,
				524C8AE61A7056C300BA5EFD /* Info.plist */,
			);
			name = "Supporting Files";
			sourceTree = "<group>";
		};
		524C8AFD1A7056C400BA5EFD /* PostcardTests */ = {
			isa = PBXGroup;
			children = (
				524C8B001A7056C400BA5EFD /* PostcardTests.swift */,
				524C8AFE1A7056C400BA5EFD /* Supporting Files */,
			);
			path = PostcardTests;
			sourceTree = "<group>";
		};
		524C8AFE1A7056C400BA5EFD /* Supporting Files */ = {
			isa = PBXGroup;
			children = (
				524C8AFF1A7056C400BA5EFD /* Info.plist */,
			);
			name = "Supporting Files";
			sourceTree = "<group>";
		};
/* End PBXGroup section */

/* Begin PBXNativeTarget section */
		524C8AE11A7056C300BA5EFD /* Postcard */ = {
			isa = PBXNativeTarget;
			buildConfigurationList = 524C8B041A7056C400BA5EFD /* Build configuration list for PBXNativeTarget "Postcard" */;
			buildPhases = (
				524C8ADE1A7056C300BA5EFD /* Sources */,
				524C8ADF1A7056C300BA5EFD /* Frameworks */,
				524C8AE01A7056C300BA5EFD /* Resources */,
			);
			buildRules = (
			);
			dependencies = (
			);
			name = Postcard;
			productName = Postcard;
			productReference = 524C8AE21A7056C300BA5EFD /* Postcard.app */;
			productType = "com.apple.product-type.application";
		};
		524C8AF91A7056C400BA5EFD /* PostcardTests */ = {
			isa = PBXNativeTarget;
			buildConfigurationList = 524C8B071A7056C400BA5EFD /* Build configuration list for PBXNativeTarget "PostcardTests" */;
			buildPhases = (
				524C8AF61A7056C400BA5EFD /* Sources */,
				524C8AF71A7056C400BA5EFD /* Frameworks */,
				524C8AF81A7056C400BA5EFD /* Resources */,
			);
			buildRules = (
			);
			dependencies = (
				524C8AFC1A7056C400BA5EFD /* PBXTargetDependency */,
			);
			name = PostcardTests;
			productName = PostcardTests;
			productReference = 524C8AFA1A7056C400BA5EFD /* PostcardTests.xctest */;
			productType = "com.apple.product-type.bundle.unit-test";
		};
/* End PBXNativeTarget section */

/* Begin PBXProject section */
		524C8ADA1A7056C300BA5EFD /* Project object */ = {
			isa = PBXProject;
			attributes = {
				LastUpgradeCheck = 0610;
				ORGANIZATIONNAME = "Luisa Mahfuz";
				TargetAttributes = {
					524C8AE11A7056C300BA5EFD = {
						CreatedOnToolsVersion = 6.1.1;
					};
					524C8AF91A7056C400BA5EFD = {
						CreatedOnToolsVersion = 6.1.1;
						TestTargetID = 524C8AE11A7056C300BA5EFD;
					};
				};
			};
			buildConfigurationList = 524C8ADD1A7056C300BA5EFD /* Build configuration list for PBXProject "Postcard" */;
			compatibilityVersion = "Xcode 3.2";
			developmentRegion = English;
			hasScannedForEncodings = 0;
			knownRegions = (
				en,
				Base,
			);
			mainGroup = 524C8AD91A7056C300BA5EFD;
			productRefGroup = 524C8AE31A7056C300BA5EFD /* Products */;
			projectDirPath = "";
			projectRoot = "";
			targets = (
				524C8AE11A7056C300BA5EFD /* Postcard */,
				524C8AF91A7056C400BA5EFD /* PostcardTests */,
			);
		};
/* End PBXProject section */

/* Begin PBXResourcesBuildPhase section */
		524C8AE01A7056C300BA5EFD /* Resources */ = {
			isa = PBXResourcesBuildPhase;
			buildActionMask = 2147483647;
			files = (
				52870D701A785973006D9C0F /* AlbertEinsteinStamp.jpg in Resources */,
				524C8AF01A7056C300BA5EFD /* Main.storyboard in Resources */,
				524C8AF51A7056C400BA5EFD /* LaunchScreen.xib in Resources */,
				524C8AF21A7056C400BA5EFD /* Images.xcassets in Resources */,
				52870D711A785973006D9C0F /* SagradaFamilia.jpeg in Resources */,
			);
			runOnlyForDeploymentPostprocessing = 0;
		};
		524C8AF81A7056C400BA5EFD /* Resources */ = {
			isa = PBXResourcesBuildPhase;
			buildActionMask = 2147483647;
			files = (
			);
			runOnlyForDeploymentPostprocessing = 0;
		};
/* End PBXResourcesBuildPhase section */

/* Begin PBXSourcesBuildPhase section */
		524C8ADE1A7056C300BA5EFD /* Sources */ = {
			isa = PBXSourcesBuildPhase;
			buildActionMask = 2147483647;
			files = (
				524C8AED1A7056C300BA5EFD /* ViewController.swift in Sources */,
				524C8AE81A7056C300BA5EFD /* AppDelegate.swift in Sources */,
				524C8AEB1A7056C300BA5EFD /* Postcard.xcdatamodeld in Sources */,
			);
			runOnlyForDeploymentPostprocessing = 0;
		};
		524C8AF61A7056C400BA5EFD /* Sources */ = {
			isa = PBXSourcesBuildPhase;
			buildActionMask = 2147483647;
			files = (
				524C8B011A7056C400BA5EFD /* PostcardTests.swift in Sources */,
			);
			runOnlyForDeploymentPostprocessing = 0;
		};
/* End PBXSourcesBuildPhase section */

/* Begin PBXTargetDependency section */
		524C8AFC1A7056C400BA5EFD /* PBXTargetDependency */ = {
			isa = PBXTargetDependency;
			target = 524C8AE11A7056C300BA5EFD /* Postcard */;
			targetProxy = 524C8AFB1A7056C400BA5EFD /* PBXContainerItemProxy */;
		};
/* End PBXTargetDependency section */

/* Begin PBXVariantGroup section */
		524C8AEE1A7056C300BA5EFD /* Main.storyboard */ = {
			isa = PBXVariantGroup;
			children = (
				524C8AEF1A7056C300BA5EFD /* Base */,
			);
			name = Main.storyboard;
			sourceTree = "<group>";
		};
		524C8AF31A7056C400BA5EFD /* LaunchScreen.xib */ = {
			isa = PBXVariantGroup;
			children = (
				524C8AF41A7056C400BA5EFD /* Base */,
			);
			name = LaunchScreen.xib;
			sourceTree = "<group>";
		};
/* End PBXVariantGroup section */

/* Begin XCBuildConfiguration section */
		524C8B021A7056C400BA5EFD /* Debug */ = {
			isa = XCBuildConfiguration;
			buildSettings = {
				ALWAYS_SEARCH_USER_PATHS = NO;
				CLANG_CXX_LANGUAGE_STANDARD = "gnu++0x";
				CLANG_CXX_LIBRARY = "libc++";
				CLANG_ENABLE_MODULES = YES;
				CLANG_ENABLE_OBJC_ARC = YES;
				CLANG_WARN_BOOL_CONVERSION = YES;
				CLANG_WARN_CONSTANT_CONVERSION = YES;
				CLANG_WARN_DIRECT_OBJC_ISA_USAGE = YES_ERROR;
				CLANG_WARN_EMPTY_BODY = YES;
				CLANG_WARN_ENUM_CONVERSION = YES;
				CLANG_WARN_INT_CONVERSION = YES;
				CLANG_WARN_OBJC_ROOT_CLASS = YES_ERROR;
				CLANG_WARN_UNREACHABLE_CODE = YES;
				CLANG_WARN__DUPLICATE_METHOD_MATCH = YES;
				"CODE_SIGN_IDENTITY[sdk=iphoneos*]" = "iPhone Developer";
				COPY_PHASE_STRIP = NO;
				ENABLE_STRICT_OBJC_MSGSEND = YES;
				GCC_C_LANGUAGE_STANDARD = gnu99;
				GCC_DYNAMIC_NO_PIC = NO;
				GCC_OPTIMIZATION_LEVEL = 0;
				GCC_PREPROCESSOR_DEFINITIONS = (
					"DEBUG=1",
					"$(inherited)",
				);
				GCC_SYMBOLS_PRIVATE_EXTERN = NO;
				GCC_WARN_64_TO_32_BIT_CONVERSION = YES;
				GCC_WARN_ABOUT_RETURN_TYPE = YES_ERROR;
				GCC_WARN_UNDECLARED_SELECTOR = YES;
				GCC_WARN_UNINITIALIZED_AUTOS = YES_AGGRESSIVE;
				GCC_WARN_UNUSED_FUNCTION = YES;
				GCC_WARN_UNUSED_VARIABLE = YES;
				IPHONEOS_DEPLOYMENT_TARGET = 8.1;
				MTL_ENABLE_DEBUG_INFO = YES;
				ONLY_ACTIVE_ARCH = YES;
				SDKROOT = iphoneos;
				SWIFT_OPTIMIZATION_LEVEL = "-Onone";
				TARGETED_DEVICE_FAMILY = "1,2";
			};
			name = Debug;
		};
		524C8B031A7056C400BA5EFD /* Release */ = {
			isa = XCBuildConfiguration;
			buildSettings = {
				ALWAYS_SEARCH_USER_PATHS = NO;
				CLANG_CXX_LANGUAGE_STANDARD = "gnu++0x";
				CLANG_CXX_LIBRARY = "libc++";
				CLANG_ENABLE_MODULES = YES;
				CLANG_ENABLE_OBJC_ARC = YES;
				CLANG_WARN_BOOL_CONVERSION = YES;
				CLANG_WARN_CONSTANT_CONVERSION = YES;
				CLANG_WARN_DIRECT_OBJC_ISA_USAGE = YES_ERROR;
				CLANG_WARN_EMPTY_BODY = YES;
				CLANG_WARN_ENUM_CONVERSION = YES;
				CLANG_WARN_INT_CONVERSION = YES;
				CLANG_WARN_OBJC_ROOT_CLASS = YES_ERROR;
				CLANG_WARN_UNREACHABLE_CODE = YES;
				CLANG_WARN__DUPLICATE_METHOD_MATCH = YES;
				"CODE_SIGN_IDENTITY[sdk=iphoneos*]" = "iPhone Developer";
				COPY_PHASE_STRIP = YES;
				ENABLE_NS_ASSERTIONS = NO;
				ENABLE_STRICT_OBJC_MSGSEND = YES;
				GCC_C_LANGUAGE_STANDARD = gnu99;
				GCC_WARN_64_TO_32_BIT_CONVERSION = YES;
				GCC_WARN_ABOUT_RETURN_TYPE = YES_ERROR;
				GCC_WARN_UNDECLARED_SELECTOR = YES;
				GCC_WARN_UNINITIALIZED_AUTOS = YES_AGGRESSIVE;
				GCC_WARN_UNUSED_FUNCTION = YES;
				GCC_WARN_UNUSED_VARIABLE = YES;
				IPHONEOS_DEPLOYMENT_TARGET = 8.1;
				MTL_ENABLE_DEBUG_INFO = NO;
				SDKROOT = iphoneos;
				TARGETED_DEVICE_FAMILY = "1,2";
				VALIDATE_PRODUCT = YES;
			};
			name = Release;
		};
		524C8B051A7056C400BA5EFD /* Debug */ = {
			isa = XCBuildConfiguration;
			buildSettings = {
				ASSETCATALOG_COMPILER_APPICON_NAME = AppIcon;
				INFOPLIST_FILE = Postcard/Info.plist;
				LD_RUNPATH_SEARCH_PATHS = "$(inherited) @executable_path/Frameworks";
				PRODUCT_NAME = "$(TARGET_NAME)";
			};
			name = Debug;
		};
		524C8B061A7056C400BA5EFD /* Release */ = {
			isa = XCBuildConfiguration;
			buildSettings = {
				ASSETCATALOG_COMPILER_APPICON_NAME = AppIcon;
				INFOPLIST_FILE = Postcard/Info.plist;
				LD_RUNPATH_SEARCH_PATHS = "$(inherited) @executable_path/Frameworks";
				PRODUCT_NAME = "$(TARGET_NAME)";
			};
			name = Release;
		};
		524C8B081A7056C400BA5EFD /* Debug */ = {
			isa = XCBuildConfiguration;
			buildSettings = {
				BUNDLE_LOADER = "$(TEST_HOST)";
				FRAMEWORK_SEARCH_PATHS = (
					"$(SDKROOT)/Developer/Library/Frameworks",
					"$(inherited)",
				);
				GCC_PREPROCESSOR_DEFINITIONS = (
					"DEBUG=1",
					"$(inherited)",
				);
				INFOPLIST_FILE = PostcardTests/Info.plist;
				LD_RUNPATH_SEARCH_PATHS = "$(inherited) @executable_path/Frameworks @loader_path/Frameworks";
				PRODUCT_NAME = "$(TARGET_NAME)";
				TEST_HOST = "$(BUILT_PRODUCTS_DIR)/Postcard.app/Postcard";
			};
			name = Debug;
		};
		524C8B091A7056C400BA5EFD /* Release */ = {
			isa = XCBuildConfiguration;
			buildSettings = {
				BUNDLE_LOADER = "$(TEST_HOST)";
				FRAMEWORK_SEARCH_PATHS = (
					"$(SDKROOT)/Developer/Library/Frameworks",
					"$(inherited)",
				);
				INFOPLIST_FILE = PostcardTests/Info.plist;
				LD_RUNPATH_SEARCH_PATHS = "$(inherited) @executable_path/Frameworks @loader_path/Frameworks";
				PRODUCT_NAME = "$(TARGET_NAME)";
				TEST_HOST = "$(BUILT_PRODUCTS_DIR)/Postcard.app/Postcard";
			};
			name = Release;
		};
/* End XCBuildConfiguration section */

/* Begin XCConfigurationList section */
		524C8ADD1A7056C300BA5EFD /* Build configuration list for PBXProject "Postcard" */ = {
			isa = XCConfigurationList;
			buildConfigurations = (
				524C8B021A7056C400BA5EFD /* Debug */,
				524C8B031A7056C400BA5EFD /* Release */,
			);
			defaultConfigurationIsVisible = 0;
			defaultConfigurationName = Release;
		};
		524C8B041A7056C400BA5EFD /* Build configuration list for PBXNativeTarget "Postcard" */ = {
			isa = XCConfigurationList;
			buildConfigurations = (
				524C8B051A7056C400BA5EFD /* Debug */,
				524C8B061A7056C400BA5EFD /* Release */,
			);
			defaultConfigurationIsVisible = 0;
			defaultConfigurationName = Release;
		};
		524C8B071A7056C400BA5EFD /* Build configuration list for PBXNativeTarget "PostcardTests" */ = {
			isa = XCConfigurationList;
			buildConfigurations = (
				524C8B081A7056C400BA5EFD /* Debug */,
				524C8B091A7056C400BA5EFD /* Release */,
			);
			defaultConfigurationIsVisible = 0;
			defaultConfigurationName = Release;
		};
/* End XCConfigurationList section */

/* Begin XCVersionGroup section */
		524C8AE91A7056C300BA5EFD /* Postcard.xcdatamodeld */ = {
			isa = XCVersionGroup;
			children = (
				524C8AEA1A7056C300BA5EFD /* Postcard.xcdatamodel */,
			);
			currentVersion = 524C8AEA1A7056C300BA5EFD /* Postcard.xcdatamodel */;
			path = Postcard.xcdatamodeld;
			sourceTree = "<group>";
			versionGroupType = wrapper.xcdatamodel;
		};
/* End XCVersionGroup section */
	};
	rootObject = 524C8ADA1A7056C300BA5EFD /* Project object */;
}
